dependencies:
  esp-light-algorithms:
    dependencies:
    - name: idf
      version: '>=5.3'
    - name: esp-support
      path: ../esp-support
    source:
      path: C:\Projects\esp-libs\esp-light-algorithms
      type: local
    version: 0.1.0
  esp-mdm:
    dependencies:
    - name: idf
      version: '>=5.3'
    - name: esp-mqtt-support
      path: ../esp-mqtt-support
    - name: esp-network-support
      path: ../esp-network-support
    - name: esp-support
      path: ../esp-support
    source:
      path: C:\Projects\esp-libs\esp-mdm
      type: local
    version: 0.1.0
  esp-mqtt-support:
    dependencies:
    - name: idf
      version: '>=5.3'
    - name: esp-support
      path: ../esp-support
    source:
      path: C:\Projects\esp-libs\esp-mqtt-support
      type: local
    version: 0.1.0
  esp-network-support:
    dependencies:
    - name: idf
      version: '>=5.3'
    - name: esp-support
      path: ../esp-support
    source:
      path: C:\Projects\esp-libs\esp-network-support
      type: local
    version: 0.1.0
  esp-support:
    dependencies:
    - name: idf
      version: '>=5.3'
    source:
      path: C:\Projects\esp-libs\esp-support
      type: local
    version: 0.1.0
  espressif/esp-dsp:
    component_hash: 3e7bbd487f1357a1d4944d0c85966d049501ea281b8a4c7f93f7cfedd5b7f23d
    dependencies:
    - name: idf
      require: private
      version: '>=4.2'
    source:
      registry_url: https://components.espressif.com
      type: service
    version: 1.4.12
  espressif/esp-sr:
    component_hash: b75f73cc0477767f155e06a0c482652bd28890aa53dc4f3828f47b7e332bf886
    dependencies:
    - name: espressif/esp-dsp
      registry_url: https://components.espressif.com
      require: private
      version: <=1.5.0
    - name: idf
      require: private
      version: '>=5.0'
    source:
      registry_url: https://components.espressif.com/
      type: service
    version: 2.0.3
  idf:
    source:
      type: idf
    version: 5.5.3
direct_dependencies:
- esp-light-algorithms
- esp-mdm
- esp-mqtt-support
- esp-network-support
- esp-support
- espressif/esp-sr
- idf
manifest_hash: cf79768cefaaa5229fbcb560a14380a0b3fad376d4de6dd45acf4a519f10bf79
target: esp32s3
version: 2.0.0
